
Microsoft Visual Studio Solution File, Format Version 12.00
# Visual Studio Version 17
VisualStudioVersion = 17.9.34616.47
MinimumVisualStudioVersion = 10.0.40219.1
Project("{FAE04EC0-301F-11D3-BF4B-00C04F79EFBC}") = "VetER", "VetER\VetER.csproj", "{778EC209-1669-4949-9569-0ACE181E131C}"
EndProject
Global
	GlobalSection(SolutionConfigurationPlatforms) = preSolution
		Debug|Any CPU = Debug|Any CPU
		Release|Any CPU = Release|Any CPU
	EndGlobalSection
	GlobalSection(ProjectConfigurationPlatforms) = postSolution
		{778EC209-1669-4949-9569-0ACE181E131C}.Debug|Any CPU.ActiveCfg = Debug|Any CPU
		{778EC209-1669-4949-9569-0ACE181E131C}.Debug|Any CPU.Build.0 = Debug|Any CPU
		{778EC209-1669-4949-9569-0ACE181E131C}.Release|Any CPU.ActiveCfg = Release|Any CPU
		{778EC209-1669-4949-9569-0ACE181E131C}.Release|Any CPU.Build.0 = Release|Any CPU
	EndGlobalSection
	GlobalSection(SolutionProperties) = preSolution
		HideSolutionNode = FALSE
	EndGlobalSection
	GlobalSection(ExtensibilityGlobals) = postSolution
		SolutionGuid = {C6264CB5-7FA5-4848-96C7-133E53E94923}
	EndGlobalSection
EndGlobal
